
Microsoft Visual Studio Solution File, Format Version 12.00
# Visual Studio 14
VisualStudioVersion = 14.0.24720.0
MinimumVisualStudioVersion = 10.0.40219.1
Project("{FAE04EC0-301F-11D3-BF4B-00C04F79EFBC}") = "KeyHook", "KeyHook\KeyHook.csproj", "{C7C64E22-595B-4181-A3F8-2A8498B3A7FA}"
EndProject
Project("{FAE04EC0-301F-11D3-BF4B-00C04F79EFBC}") = "AudioVolume", "AudioVolume\AudioVolume.csproj", "{834F7E43-A28D-4B1A-844C-CFA105DA6AB5}"
EndProject
Project("{FAE04EC0-301F-11D3-BF4B-00C04F79EFBC}") = "AutoUpdater", "AutoUpdater\AutoUpdater.csproj", "{F7293161-2710-44E2-83B6-B0F432FD69E9}"
EndProject
Project("{FAE04EC0-301F-11D3-BF4B-00C04F79EFBC}") = "ChromaSync", "MainApplication\ChromaSync.csproj", "{CDA1EF6F-7986-4CAA-A3C9-3A4588EA12FE}"
EndProject
Global
	GlobalSection(SolutionConfigurationPlatforms) = preSolution
		Debug|Any CPU = Debug|Any CPU
		Release|Any CPU = Release|Any CPU
	EndGlobalSection
	GlobalSection(ProjectConfigurationPlatforms) = postSolution
		{C7C64E22-595B-4181-A3F8-2A8498B3A7FA}.Debug|Any CPU.ActiveCfg = Debug|Any CPU
		{C7C64E22-595B-4181-A3F8-2A8498B3A7FA}.Debug|Any CPU.Build.0 = Debug|Any CPU
		{C7C64E22-595B-4181-A3F8-2A8498B3A7FA}.Release|Any CPU.ActiveCfg = Release|Any CPU
		{C7C64E22-595B-4181-A3F8-2A8498B3A7FA}.Release|Any CPU.Build.0 = Release|Any CPU
		{834F7E43-A28D-4B1A-844C-CFA105DA6AB5}.Debug|Any CPU.ActiveCfg = Debug|Any CPU
		{834F7E43-A28D-4B1A-844C-CFA105DA6AB5}.Debug|Any CPU.Build.0 = Debug|Any CPU
		{834F7E43-A28D-4B1A-844C-CFA105DA6AB5}.Release|Any CPU.ActiveCfg = Release|Any CPU
		{834F7E43-A28D-4B1A-844C-CFA105DA6AB5}.Release|Any CPU.Build.0 = Release|Any CPU
		{F7293161-2710-44E2-83B6-B0F432FD69E9}.Debug|Any CPU.ActiveCfg = Debug|Any CPU
		{F7293161-2710-44E2-83B6-B0F432FD69E9}.Debug|Any CPU.Build.0 = Debug|Any CPU
		{F7293161-2710-44E2-83B6-B0F432FD69E9}.Release|Any CPU.ActiveCfg = Release|Any CPU
		{F7293161-2710-44E2-83B6-B0F432FD69E9}.Release|Any CPU.Build.0 = Release|Any CPU
		{CDA1EF6F-7986-4CAA-A3C9-3A4588EA12FE}.Debug|Any CPU.ActiveCfg = Debug|Any CPU
		{CDA1EF6F-7986-4CAA-A3C9-3A4588EA12FE}.Debug|Any CPU.Build.0 = Debug|Any CPU
		{CDA1EF6F-7986-4CAA-A3C9-3A4588EA12FE}.Release|Any CPU.ActiveCfg = Release|Any CPU
		{CDA1EF6F-7986-4CAA-A3C9-3A4588EA12FE}.Release|Any CPU.Build.0 = Release|Any CPU
	EndGlobalSection
	GlobalSection(SolutionProperties) = preSolution
		HideSolutionNode = FALSE
	EndGlobalSection
EndGlobal
